
Microsoft Visual Studio Solution File, Format Version 12.00
# Visual Studio Version 16
VisualStudioVersion = 16.0.30621.155
MinimumVisualStudioVersion = 10.0.40219.1
Project("{FAE04EC0-301F-11D3-BF4B-00C04F79EFBC}") = "Test - String", "Test - String\Test - String.csproj", "{BD642C84-DB4D-402B-8E76-C8505CF172F6}"
EndProject
Global
	GlobalSection(SolutionConfigurationPlatforms) = preSolution
		Debug|Any CPU = Debug|Any CPU
		Release|Any CPU = Release|Any CPU
	EndGlobalSection
	GlobalSection(ProjectConfigurationPlatforms) = postSolution
		{BD642C84-DB4D-402B-8E76-C8505CF172F6}.Debug|Any CPU.ActiveCfg = Debug|Any CPU
		{BD642C84-DB4D-402B-8E76-C8505CF172F6}.Debug|Any CPU.Build.0 = Debug|Any CPU
		{BD642C84-DB4D-402B-8E76-C8505CF172F6}.Release|Any CPU.ActiveCfg = Release|Any CPU
		{BD642C84-DB4D-402B-8E76-C8505CF172F6}.Release|Any CPU.Build.0 = Release|Any CPU
	EndGlobalSection
	GlobalSection(SolutionProperties) = preSolution
		HideSolutionNode = FALSE
	EndGlobalSection
	GlobalSection(ExtensibilityGlobals) = postSolution
		SolutionGuid = {5A42E887-E10F-4162-ACDE-A04069AD0707}
	EndGlobalSection
EndGlobal
